
Microsoft Visual Studio Solution File, Format Version 12.00
# Visual Studio Version 17
VisualStudioVersion = 17.11.35327.3
MinimumVisualStudioVersion = 10.0.40219.1
Project("{9A19103F-16F7-4668-BE54-9A1E7A4F7556}") = "Expense Tracker", "Expense Tracker\Expense Tracker.csproj", "{920EB42A-CB5B-4A3E-ADA9-BC35538F48F7}"
EndProject
Project("{2150E333-8FDC-42A3-9474-1A3956D46DE8}") = "Solution Items", "Solution Items", "{B36150B3-B875-485D-9B63-EAAF5807789C}"
	ProjectSection(SolutionItems) = preProject
		.editorconfig = .editorconfig
	EndProjectSection
EndProject
Global
	GlobalSection(SolutionConfigurationPlatforms) = preSolution
		Debug|Any CPU = Debug|Any CPU
		Release|Any CPU = Release|Any CPU
	EndGlobalSection
	GlobalSection(ProjectConfigurationPlatforms) = postSolution
		{920EB42A-CB5B-4A3E-ADA9-BC35538F48F7}.Debug|Any CPU.ActiveCfg = Debug|Any CPU
		{920EB42A-CB5B-4A3E-ADA9-BC35538F48F7}.Debug|Any CPU.Build.0 = Debug|Any CPU
		{920EB42A-CB5B-4A3E-ADA9-BC35538F48F7}.Release|Any CPU.ActiveCfg = Release|Any CPU
		{920EB42A-CB5B-4A3E-ADA9-BC35538F48F7}.Release|Any CPU.Build.0 = Release|Any CPU
	EndGlobalSection
	GlobalSection(SolutionProperties) = preSolution
		HideSolutionNode = FALSE
	EndGlobalSection
	GlobalSection(ExtensibilityGlobals) = postSolution
		SolutionGuid = {CB208EA0-C0E5-4155-8364-FB8EEBE0681F}
	EndGlobalSection
EndGlobal
